github.com/albertorestifo/dijkstra v0.0.0-20160910063646-aba76f725f72 h1:uGeGZl8PxSq8VZGG4QK5njJTFA4/G/x5CYORvQVXtAE=
github.com/albertorestifo/dijkstra v0.0.0-20160910063646-aba76f725f72/go.mod h1:o+JdB7VetTHjLhU0N57x18B9voDBQe0paApdEAEoEfw=
gonum.org/v1/gonum v0.12.0 h1:xKuo6hzt+gMav00meVPUlXwSdoEJP46BR+wdxQEFK2o=
gonum.org/v1/gonum v0.12.0/go.mod h1:73TDxJfAAHeA8Mk9mf8NlIppyhQNo5GLTcYeqgo2lvY=
